
Microsoft Visual Studio Solution File, Format Version 12.00
Project("{FAE04EC0-301F-11D3-BF4B-00C04F79EFBC}") = "NoSwearsForYou", "NoSwearsForYou.csproj", "{BC8477F7-B852-4C64-9237-92AC0C592473}"
EndProject
Global
	GlobalSection(SolutionConfigurationPlatforms) = preSolution
		Debug|Any CPU = Debug|Any CPU
		Release|Any CPU = Release|Any CPU
	EndGlobalSection
	GlobalSection(ProjectConfigurationPlatforms) = postSolution
		{BC8477F7-B852-4C64-9237-92AC0C592473}.Debug|Any CPU.ActiveCfg = Debug|Any CPU
		{BC8477F7-B852-4C64-9237-92AC0C592473}.Debug|Any CPU.Build.0 = Debug|Any CPU
		{BC8477F7-B852-4C64-9237-92AC0C592473}.Release|Any CPU.ActiveCfg = Release|Any CPU
		{BC8477F7-B852-4C64-9237-92AC0C592473}.Release|Any CPU.Build.0 = Release|Any CPU
	EndGlobalSection
EndGlobal
